// !$*UTF8*$!
{
	archiveVersion = 1;
	classes = {
	};
	objectVersion = 46;
	objects = {

/* Begin PBXBuildFile section */
		9A10FC551C9D551C00E08D96 /* AppDelegate.swift in Sources */ = {isa = PBXBuildFile; fileRef = 9A10FC541C9D551C00E08D96 /* AppDelegate.swift */; };
		9A10FC571C9D551C00E08D96 /* ViewController.swift in Sources */ = {isa = PBXBuildFile; fileRef = 9A10FC561C9D551C00E08D96 /* ViewController.swift */; };
		9A10FC5A1C9D551C00E08D96 /* Main.storyboard in Resources */ = {isa = PBXBuildFile; fileRef = 9A10FC581C9D551C00E08D96 /* Main.storyboard */; };
		9A10FC5C1C9D551C00E08D96 /* Assets.xcassets in Resources */ = {isa = PBXBuildFile; fileRef = 9A10FC5B1C9D551C00E08D96 /* Assets.xcassets */; };
		9A10FC5F1C9D551C00E08D96 /* LaunchScreen.storyboard in Resources */ = {isa = PBXBuildFile; fileRef = 9A10FC5D1C9D551C00E08D96 /* LaunchScreen.storyboard */; };
		9A10FC6A1C9D551C00E08D96 /* cardSlideTests.swift in Sources */ = {isa = PBXBuildFile; fileRef = 9A10FC691C9D551C00E08D96 /* cardSlideTests.swift */; };
		9A10FC751C9D551C00E08D96 /* cardSlideUITests.swift in Sources */ = {isa = PBXBuildFile; fileRef = 9A10FC741C9D551C00E08D96 /* cardSlideUITests.swift */; };
		9A10FC831C9D72B100E08D96 /* ViewCustom.swift in Sources */ = {isa = PBXBuildFile; fileRef = 9A10FC821C9D72B100E08D96 /* ViewCustom.swift */; };
		9A10FC851C9DC00300E08D96 /* FileSelectUpperTableViewController.swift in Sources */ = {isa = PBXBuildFile; fileRef = 9A10FC841C9DC00300E08D96 /* FileSelectUpperTableViewController.swift */; };
		9A10FC871C9DC02E00E08D96 /* FileSelectLowerTableViewController.swift in Sources */ = {isa = PBXBuildFile; fileRef = 9A10FC861C9DC02E00E08D96 /* FileSelectLowerTableViewController.swift */; };
		9A10FC891C9DC3D000E08D96 /* SettingViewController.swift in Sources */ = {isa = PBXBuildFile; fileRef = 9A10FC881C9DC3D000E08D96 /* SettingViewController.swift */; };
/* End PBXBuildFile section */

/* Begin PBXContainerItemProxy section */
		9A10FC661C9D551C00E08D96 /* PBXContainerItemProxy */ = {
			isa = PBXContainerItemProxy;
			containerPortal = 9A10FC491C9D551C00E08D96 /* Project object */;
			proxyType = 1;
			remoteGlobalIDString = 9A10FC501C9D551C00E08D96;
			remoteInfo = cardSlide;
		};
		9A10FC711C9D551C00E08D96 /* PBXContainerItemProxy */ = {
			isa = PBXContainerItemProxy;
			containerPortal = 9A10FC491C9D551C00E08D96 /* Project object */;
			proxyType = 1;
			remoteGlobalIDString = 9A10FC501C9D551C00E08D96;
			remoteInfo = cardSlide;
		};
/* End PBXContainerItemProxy section */

/* Begin PBXFileReference section */
		9A10FC511C9D551C00E08D96 /* cardSlide.app */ = {isa = PBXFileReference; explicitFileType = wrapper.application; includeInIndex = 0; path = cardSlide.app; sourceTree = BUILT_PRODUCTS_DIR; };
		9A10FC541C9D551C00E08D96 /* AppDelegate.swift */ = {isa = PBXFileReference; lastKnownFileType = sourcecode.swift; path = AppDelegate.swift; sourceTree = "<group>"; };
		9A10FC561C9D551C00E08D96 /* ViewController.swift */ = {isa = PBXFileReference; lastKnownFileType = sourcecode.swift; path = ViewController.swift; sourceTree = "<group>"; };
		9A10FC591C9D551C00E08D96 /* Base */ = {isa = PBXFileReference; lastKnownFileType = file.storyboard; name = Base; path = Base.lproj/Main.storyboard; sourceTree = "<group>"; };
		9A10FC5B1C9D551C00E08D96 /* Assets.xcassets */ = {isa = PBXFileReference; lastKnownFileType = folder.assetcatalog; path = Assets.xcassets; sourceTree = "<group>"; };
		9A10FC5E1C9D551C00E08D96 /* Base */ = {isa = PBXFileReference; lastKnownFileType = file.storyboard; name = Base; path = Base.lproj/LaunchScreen.storyboard; sourceTree = "<group>"; };
		9A10FC601C9D551C00E08D96 /* Info.plist */ = {isa = PBXFileReference; lastKnownFileType = text.plist.xml; path = Info.plist; sourceTree = "<group>"; };
		9A10FC651C9D551C00E08D96 /* cardSlideTests.xctest */ = {isa = PBXFileReference; explicitFileType = wrapper.cfbundle; includeInIndex = 0; path = cardSlideTests.xctest; sourceTree = BUILT_PRODUCTS_DIR; };
		9A10FC691C9D551C00E08D96 /* cardSlideTests.swift */ = {isa = PBXFileReference; lastKnownFileType = sourcecode.swift; path = cardSlideTests.swift; sourceTree = "<group>"; };
		9A10FC6B1C9D551C00E08D96 /* Info.plist */ = {isa = PBXFileReference; lastKnownFileType = text.plist.xml; path = Info.plist; sourceTree = "<group>"; };
		9A10FC701C9D551C00E08D96 /* cardSlideUITests.xctest */ = {isa = PBXFileReference; explicitFileType = wrapper.cfbundle; includeInIndex = 0; path = cardSlideUITests.xctest; sourceTree = BUILT_PRODUCTS_DIR; };
		9A10FC741C9D551C00E08D96 /* cardSlideUITests.swift */ = {isa = PBXFileReference; lastKnownFileType = sourcecode.swift; path = cardSlideUITests.swift; sourceTree = "<group>"; };
		9A10FC761C9D551C00E08D96 /* Info.plist */ = {isa = PBXFileReference; lastKnownFileType = text.plist.xml; path = Info.plist; sourceTree = "<group>"; };
		9A10FC821C9D72B100E08D96 /* ViewCustom.swift */ = {isa = PBXFileReference; fileEncoding = 4; lastKnownFileType = sourcecode.swift; path = ViewCustom.swift; sourceTree = "<group>"; };
		9A10FC841C9DC00300E08D96 /* FileSelectUpperTableViewController.swift */ = {isa = PBXFileReference; fileEncoding = 4; lastKnownFileType = sourcecode.swift; path = FileSelectUpperTableViewController.swift; sourceTree = "<group>"; };
		9A10FC861C9DC02E00E08D96 /* FileSelectLowerTableViewController.swift */ = {isa = PBXFileReference; fileEncoding = 4; lastKnownFileType = sourcecode.swift; path = FileSelectLowerTableViewController.swift; sourceTree = "<group>"; };
		9A10FC881C9DC3D000E08D96 /* SettingViewController.swift */ = {isa = PBXFileReference; fileEncoding = 4; lastKnownFileType = sourcecode.swift; path = SettingViewController.swift; sourceTree = "<group>"; };
/* End PBXFileReference section */

/* Begin PBXFrameworksBuildPhase section */
		9A10FC4E1C9D551C00E08D96 /* Frameworks */ = {
			isa = PBXFrameworksBuildPhase;
			buildActionMask = 2147483647;
			files = (
			);
			runOnlyForDeploymentPostprocessing = 0;
		};
		9A10FC621C9D551C00E08D96 /* Frameworks */ = {
			isa = PBXFrameworksBuildPhase;
			buildActionMask = 2147483647;
			files = (
			);
			runOnlyForDeploymentPostprocessing = 0;
		};
		9A10FC6D1C9D551C00E08D96 /* Frameworks */ = {
			isa = PBXFrameworksBuildPhase;
			buildActionMask = 2147483647;
			files = (
			);
			runOnlyForDeploymentPostprocessing = 0;
		};
/* End PBXFrameworksBuildPhase section */

/* Begin PBXGroup section */
		9A10FC481C9D551C00E08D96 = {
			isa = PBXGroup;
			children = (
				9A10FC531C9D551C00E08D96 /* cardSlide */,
				9A10FC681C9D551C00E08D96 /* cardSlideTests */,
				9A10FC731C9D551C00E08D96 /* cardSlideUITests */,
				9A10FC521C9D551C00E08D96 /* Products */,
			);
			sourceTree = "<group>";
		};
		9A10FC521C9D551C00E08D96 /* Products */ = {
			isa = PBXGroup;
			children = (
				9A10FC511C9D551C00E08D96 /* cardSlide.app */,
				9A10FC651C9D551C00E08D96 /* cardSlideTests.xctest */,
				9A10FC701C9D551C00E08D96 /* cardSlideUITests.xctest */,
			);
			name = Products;
			sourceTree = "<group>";
		};
		9A10FC531C9D551C00E08D96 /* cardSlide */ = {
			isa = PBXGroup;
			children = (
				9A10FC541C9D551C00E08D96 /* AppDelegate.swift */,
				9A10FC561C9D551C00E08D96 /* ViewController.swift */,
				9A10FC581C9D551C00E08D96 /* Main.storyboard */,
				9A10FC881C9DC3D000E08D96 /* SettingViewController.swift */,
				9A10FC841C9DC00300E08D96 /* FileSelectUpperTableViewController.swift */,
				9A10FC861C9DC02E00E08D96 /* FileSelectLowerTableViewController.swift */,
				9A10FC821C9D72B100E08D96 /* ViewCustom.swift */,
				9A10FC5B1C9D551C00E08D96 /* Assets.xcassets */,
				9A10FC5D1C9D551C00E08D96 /* LaunchScreen.storyboard */,
				9A10FC601C9D551C00E08D96 /* Info.plist */,
			);
			path = cardSlide;
			sourceTree = "<group>";
		};
		9A10FC681C9D551C00E08D96 /* cardSlideTests */ = {
			isa = PBXGroup;
			children = (
				9A10FC691C9D551C00E08D96 /* cardSlideTests.swift */,
				9A10FC6B1C9D551C00E08D96 /* Info.plist */,
			);
			path = cardSlideTests;
			sourceTree = "<group>";
		};
		9A10FC731C9D551C00E08D96 /* cardSlideUITests */ = {
			isa = PBXGroup;
			children = (
				9A10FC741C9D551C00E08D96 /* cardSlideUITests.swift */,
				9A10FC761C9D551C00E08D96 /* Info.plist */,
			);
			path = cardSlideUITests;
			sourceTree = "<group>";
		};
/* End PBXGroup section */

/* Begin PBXNativeTarget section */
		9A10FC501C9D551C00E08D96 /* cardSlide */ = {
			isa = PBXNativeTarget;
			buildConfigurationList = 9A10FC791C9D551C00E08D96 /* Build configuration list for PBXNativeTarget "cardSlide" */;
			buildPhases = (
				9A10FC4D1C9D551C00E08D96 /* Sources */,
				9A10FC4E1C9D551C00E08D96 /* Frameworks */,
				9A10FC4F1C9D551C00E08D96 /* Resources */,
			);
			buildRules = (
			);
			dependencies = (
			);
			name = cardSlide;
			productName = cardSlide;
			productReference = 9A10FC511C9D551C00E08D96 /* cardSlide.app */;
			productType = "com.apple.product-type.application";
		};
		9A10FC641C9D551C00E08D96 /* cardSlideTests */ = {
			isa = PBXNativeTarget;
			buildConfigurationList = 9A10FC7C1C9D551C00E08D96 /* Build configuration list for PBXNativeTarget "cardSlideTests" */;
			buildPhases = (
				9A10FC611C9D551C00E08D96 /* Sources */,
				9A10FC621C9D551C00E08D96 /* Frameworks */,
				9A10FC631C9D551C00E08D96 /* Resources */,
			);
			buildRules = (
			);
			dependencies = (
				9A10FC671C9D551C00E08D96 /* PBXTargetDependency */,
			);
			name = cardSlideTests;
			productName = cardSlideTests;
			productReference = 9A10FC651C9D551C00E08D96 /* cardSlideTests.xctest */;
			productType = "com.apple.product-type.bundle.unit-test";
		};
		9A10FC6F1C9D551C00E08D96 /* cardSlideUITests */ = {
			isa = PBXNativeTarget;
			buildConfigurationList = 9A10FC7F1C9D551C00E08D96 /* Build configuration list for PBXNativeTarget "cardSlideUITests" */;
			buildPhases = (
				9A10FC6C1C9D551C00E08D96 /* Sources */,
				9A10FC6D1C9D551C00E08D96 /* Frameworks */,
				9A10FC6E1C9D551C00E08D96 /* Resources */,
			);
			buildRules = (
			);
			dependencies = (
				9A10FC721C9D551C00E08D96 /* PBXTargetDependency */,
			);
			name = cardSlideUITests;
			productName = cardSlideUITests;
			productReference = 9A10FC701C9D551C00E08D96 /* cardSlideUITests.xctest */;
			productType = "com.apple.product-type.bundle.ui-testing";
		};
/* End PBXNativeTarget section */

/* Begin PBXProject section */
		9A10FC491C9D551C00E08D96 /* Project object */ = {
			isa = PBXProject;
			attributes = {
				LastSwiftUpdateCheck = 0720;
				LastUpgradeCheck = 0720;
				ORGANIZATIONNAME = "Yu Oya";
				TargetAttributes = {
					9A10FC501C9D551C00E08D96 = {
						CreatedOnToolsVersion = 7.2.1;
					};
					9A10FC641C9D551C00E08D96 = {
						CreatedOnToolsVersion = 7.2.1;
						TestTargetID = 9A10FC501C9D551C00E08D96;
					};
					9A10FC6F1C9D551C00E08D96 = {
						CreatedOnToolsVersion = 7.2.1;
						TestTargetID = 9A10FC501C9D551C00E08D96;
					};
				};
			};
			buildConfigurationList = 9A10FC4C1C9D551C00E08D96 /* Build configuration list for PBXProject "cardSlide" */;
			compatibilityVersion = "Xcode 3.2";
			developmentRegion = English;
			hasScannedForEncodings = 0;
			knownRegions = (
				en,
				Base,
			);
			mainGroup = 9A10FC481C9D551C00E08D96;
			productRefGroup = 9A10FC521C9D551C00E08D96 /* Products */;
			projectDirPath = "";
			projectRoot = "";
			targets = (
				9A10FC501C9D551C00E08D96 /* cardSlide */,
				9A10FC641C9D551C00E08D96 /* cardSlideTests */,
				9A10FC6F1C9D551C00E08D96 /* cardSlideUITests */,
			);
		};
/* End PBXProject section */

/* Begin PBXResourcesBuildPhase section */
		9A10FC4F1C9D551C00E08D96 /* Resources */ = {
			isa = PBXResourcesBuildPhase;
			buildActionMask = 2147483647;
			files = (
				9A10FC5F1C9D551C00E08D96 /* LaunchScreen.storyboard in Resources */,
				9A10FC5C1C9D551C00E08D96 /* Assets.xcassets in Resources */,
				9A10FC5A1C9D551C00E08D96 /* Main.storyboard in Resources */,
			);
			runOnlyForDeploymentPostprocessing = 0;
		};
		9A10FC631C9D551C00E08D96 /* Resources */ = {
			isa = PBXResourcesBuildPhase;
			buildActionMask = 2147483647;
			files = (
			);
			runOnlyForDeploymentPostprocessing = 0;
		};
		9A10FC6E1C9D551C00E08D96 /* Resources */ = {
			isa = PBXResourcesBuildPhase;
			buildActionMask = 2147483647;
			files = (
			);
			runOnlyForDeploymentPostprocessing = 0;
		};
/* End PBXResourcesBuildPhase section */

/* Begin PBXSourcesBuildPhase section */
		9A10FC4D1C9D551C00E08D96 /* Sources */ = {
			isa = PBXSourcesBuildPhase;
			buildActionMask = 2147483647;
			files = (
				9A10FC571C9D551C00E08D96 /* ViewController.swift in Sources */,
				9A10FC551C9D551C00E08D96 /* AppDelegate.swift in Sources */,
				9A10FC851C9DC00300E08D96 /* FileSelectUpperTableViewController.swift in Sources */,
				9A10FC871C9DC02E00E08D96 /* FileSelectLowerTableViewController.swift in Sources */,
				9A10FC831C9D72B100E08D96 /* ViewCustom.swift in Sources */,
				9A10FC891C9DC3D000E08D96 /* SettingViewController.swift in Sources */,
			);
			runOnlyForDeploymentPostprocessing = 0;
		};
		9A10FC611C9D551C00E08D96 /* Sources */ = {
			isa = PBXSourcesBuildPhase;
			buildActionMask = 2147483647;
			files = (
				9A10FC6A1C9D551C00E08D96 /* cardSlideTests.swift in Sources */,
			);
			runOnlyForDeploymentPostprocessing = 0;
		};
		9A10FC6C1C9D551C00E08D96 /* Sources */ = {
			isa = PBXSourcesBuildPhase;
			buildActionMask = 2147483647;
			files = (
				9A10FC751C9D551C00E08D96 /* cardSlideUITests.swift in Sources */,
			);
			runOnlyForDeploymentPostprocessing = 0;
		};
/* End PBXSourcesBuildPhase section */

/* Begin PBXTargetDependency section */
		9A10FC671C9D551C00E08D96 /* PBXTargetDependency */ = {
			isa = PBXTargetDependency;
			target = 9A10FC501C9D551C00E08D96 /* cardSlide */;
			targetProxy = 9A10FC661C9D551C00E08D96 /* PBXContainerItemProxy */;
		};
		9A10FC721C9D551C00E08D96 /* PBXTargetDependency */ = {
			isa = PBXTargetDependency;
			target = 9A10FC501C9D551C00E08D96 /* cardSlide */;
			targetProxy = 9A10FC711C9D551C00E08D96 /* PBXContainerItemProxy */;
		};
/* End PBXTargetDependency section */

/* Begin PBXVariantGroup section */
		9A10FC581C9D551C00E08D96 /* Main.storyboard */ = {
			isa = PBXVariantGroup;
			children = (
				9A10FC591C9D551C00E08D96 /* Base */,
			);
			name = Main.storyboard;
			sourceTree = "<group>";
		};
		9A10FC5D1C9D551C00E08D96 /* LaunchScreen.storyboard */ = {
			isa = PBXVariantGroup;
			children = (
				9A10FC5E1C9D551C00E08D96 /* Base */,
			);
			name = LaunchScreen.storyboard;
			sourceTree = "<group>";
		};
/* End PBXVariantGroup section */

/* Begin XCBuildConfiguration section */
		9A10FC771C9D551C00E08D96 /* Debug */ = {
			isa = XCBuildConfiguration;
			buildSettings = {
				ALWAYS_SEARCH_USER_PATHS = NO;
				CLANG_CXX_LANGUAGE_STANDARD = "gnu++0x";
				CLANG_CXX_LIBRARY = "libc++";
				CLANG_ENABLE_MODULES = YES;
				CLANG_ENABLE_OBJC_ARC = YES;
				CLANG_WARN_BOOL_CONVERSION = YES;
				CLANG_WARN_CONSTANT_CONVERSION = YES;
				CLANG_WARN_DIRECT_OBJC_ISA_USAGE = YES_ERROR;
				CLANG_WARN_EMPTY_BODY = YES;
				CLANG_WARN_ENUM_CONVERSION = YES;
				CLANG_WARN_INT_CONVERSION = YES;
				CLANG_WARN_OBJC_ROOT_CLASS = YES_ERROR;
				CLANG_WARN_UNREACHABLE_CODE = YES;
				CLANG_WARN__DUPLICATE_METHOD_MATCH = YES;
				"CODE_SIGN_IDENTITY[sdk=iphoneos*]" = "iPhone Developer";
				COPY_PHASE_STRIP = NO;
				DEBUG_INFORMATION_FORMAT = dwarf;
				ENABLE_STRICT_OBJC_MSGSEND = YES;
				ENABLE_TESTABILITY = YES;
				GCC_C_LANGUAGE_STANDARD = gnu99;
				GCC_DYNAMIC_NO_PIC = NO;
				GCC_NO_COMMON_BLOCKS = YES;
				GCC_OPTIMIZATION_LEVEL = 0;
				GCC_PREPROCESSOR_DEFINITIONS = (
					"DEBUG=1",
					"$(inherited)",
				);
				GCC_WARN_64_TO_32_BIT_CONVERSION = YES;
				GCC_WARN_ABOUT_RETURN_TYPE = YES_ERROR;
				GCC_WARN_UNDECLARED_SELECTOR = YES;
				GCC_WARN_UNINITIALIZED_AUTOS = YES_AGGRESSIVE;
				GCC_WARN_UNUSED_FUNCTION = YES;
				GCC_WARN_UNUSED_VARIABLE = YES;
				IPHONEOS_DEPLOYMENT_TARGET = 9.2;
				MTL_ENABLE_DEBUG_INFO = YES;
				ONLY_ACTIVE_ARCH = YES;
				SDKROOT = iphoneos;
				SWIFT_OPTIMIZATION_LEVEL = "-Onone";
			};
			name = Debug;
		};
		9A10FC781C9D551C00E08D96 /* Release */ = {
			isa = XCBuildConfiguration;
			buildSettings = {
				ALWAYS_SEARCH_USER_PATHS = NO;
				CLANG_CXX_LANGUAGE_STANDARD = "gnu++0x";
				CLANG_CXX_LIBRARY = "libc++";
				CLANG_ENABLE_MODULES = YES;
				CLANG_ENABLE_OBJC_ARC = YES;
				CLANG_WARN_BOOL_CONVERSION = YES;
				CLANG_WARN_CONSTANT_CONVERSION = YES;
				CLANG_WARN_DIRECT_OBJC_ISA_USAGE = YES_ERROR;
				CLANG_WARN_EMPTY_BODY = YES;
				CLANG_WARN_ENUM_CONVERSION = YES;
				CLANG_WARN_INT_CONVERSION = YES;
				CLANG_WARN_OBJC_ROOT_CLASS = YES_ERROR;
				CLANG_WARN_UNREACHABLE_CODE = YES;
				CLANG_WARN__DUPLICATE_METHOD_MATCH = YES;
				"CODE_SIGN_IDENTITY[sdk=iphoneos*]" = "iPhone Developer";
				COPY_PHASE_STRIP = NO;
				DEBUG_INFORMATION_FORMAT = "dwarf-with-dsym";
				ENABLE_NS_ASSERTIONS = NO;
				ENABLE_STRICT_OBJC_MSGSEND = YES;
				GCC_C_LANGUAGE_STANDARD = gnu99;
				GCC_NO_COMMON_BLOCKS = YES;
				GCC_WARN_64_TO_32_BIT_CONVERSION = YES;
				GCC_WARN_ABOUT_RETURN_TYPE = YES_ERROR;
				GCC_WARN_UNDECLARED_SELECTOR = YES;
				GCC_WARN_UNINITIALIZED_AUTOS = YES_AGGRESSIVE;
				GCC_WARN_UNUSED_FUNCTION = YES;
				GCC_WARN_UNUSED_VARIABLE = YES;
				IPHONEOS_DEPLOYMENT_TARGET = 9.2;
				MTL_ENABLE_DEBUG_INFO = NO;
				SDKROOT = iphoneos;
				VALIDATE_PRODUCT = YES;
			};
			name = Release;
		};
		9A10FC7A1C9D551C00E08D96 /* Debug */ = {
			isa = XCBuildConfiguration;
			buildSettings = {
				ASSETCATALOG_COMPILER_APPICON_NAME = AppIcon;
				INFOPLIST_FILE = cardSlide/Info.plist;
				LD_RUNPATH_SEARCH_PATHS = "$(inherited) @executable_path/Frameworks";
				PRODUCT_BUNDLE_IDENTIFIER = com.mac.yuoya.cardSlide;
				PRODUCT_NAME = "$(TARGET_NAME)";
			};
			name = Debug;
		};
		9A10FC7B1C9D551C00E08D96 /* Release */ = {
			isa = XCBuildConfiguration;
			buildSettings = {
				ASSETCATALOG_COMPILER_APPICON_NAME = AppIcon;
				INFOPLIST_FILE = cardSlide/Info.plist;
				LD_RUNPATH_SEARCH_PATHS = "$(inherited) @executable_path/Frameworks";
				PRODUCT_BUNDLE_IDENTIFIER = com.mac.yuoya.cardSlide;
				PRODUCT_NAME = "$(TARGET_NAME)";
			};
			name = Release;
		};
		9A10FC7D1C9D551C00E08D96 /* Debug */ = {
			isa = XCBuildConfiguration;
			buildSettings = {
				BUNDLE_LOADER = "$(TEST_HOST)";
				INFOPLIST_FILE = cardSlideTests/Info.plist;
				LD_RUNPATH_SEARCH_PATHS = "$(inherited) @executable_path/Frameworks @loader_path/Frameworks";
				PRODUCT_BUNDLE_IDENTIFIER = com.mac.yuoya.cardSlideTests;
				PRODUCT_NAME = "$(TARGET_NAME)";
				TEST_HOST = "$(BUILT_PRODUCTS_DIR)/cardSlide.app/cardSlide";
			};
			name = Debug;
		};
		9A10FC7E1C9D551C00E08D96 /* Release */ = {
			isa = XCBuildConfiguration;
			buildSettings = {
				BUNDLE_LOADER = "$(TEST_HOST)";
				INFOPLIST_FILE = cardSlideTests/Info.plist;
				LD_RUNPATH_SEARCH_PATHS = "$(inherited) @executable_path/Frameworks @loader_path/Frameworks";
				PRODUCT_BUNDLE_IDENTIFIER = com.mac.yuoya.cardSlideTests;
				PRODUCT_NAME = "$(TARGET_NAME)";
				TEST_HOST = "$(BUILT_PRODUCTS_DIR)/cardSlide.app/cardSlide";
			};
			name = Release;
		};
		9A10FC801C9D551C00E08D96 /* Debug */ = {
			isa = XCBuildConfiguration;
			buildSettings = {
				INFOPLIST_FILE = cardSlideUITests/Info.plist;
				LD_RUNPATH_SEARCH_PATHS = "$(inherited) @executable_path/Frameworks @loader_path/Frameworks";
				PRODUCT_BUNDLE_IDENTIFIER = com.mac.yuoya.cardSlideUITests;
				PRODUCT_NAME = "$(TARGET_NAME)";
				TEST_TARGET_NAME = cardSlide;
				USES_XCTRUNNER = YES;
			};
			name = Debug;
		};
		9A10FC811C9D551C00E08D96 /* Release */ = {
			isa = XCBuildConfiguration;
			buildSettings = {
				INFOPLIST_FILE = cardSlideUITests/Info.plist;
				LD_RUNPATH_SEARCH_PATHS = "$(inherited) @executable_path/Frameworks @loader_path/Frameworks";
				PRODUCT_BUNDLE_IDENTIFIER = com.mac.yuoya.cardSlideUITests;
				PRODUCT_NAME = "$(TARGET_NAME)";
				TEST_TARGET_NAME = cardSlide;
				USES_XCTRUNNER = YES;
			};
			name = Release;
		};
/* End XCBuildConfiguration section */

/* Begin XCConfigurationList section */
		9A10FC4C1C9D551C00E08D96 /* Build configuration list for PBXProject "cardSlide" */ = {
			isa = XCConfigurationList;
			buildConfigurations = (
				9A10FC771C9D551C00E08D96 /* Debug */,
				9A10FC781C9D551C00E08D96 /* Release */,
			);
			defaultConfigurationIsVisible = 0;
			defaultConfigurationName = Release;
		};
		9A10FC791C9D551C00E08D96 /* Build configuration list for PBXNativeTarget "cardSlide" */ = {
			isa = XCConfigurationList;
			buildConfigurations = (
				9A10FC7A1C9D551C00E08D96 /* Debug */,
				9A10FC7B1C9D551C00E08D96 /* Release */,
			);
			defaultConfigurationIsVisible = 0;
		};
		9A10FC7C1C9D551C00E08D96 /* Build configuration list for PBXNativeTarget "cardSlideTests" */ = {
			isa = XCConfigurationList;
			buildConfigurations = (
				9A10FC7D1C9D551C00E08D96 /* Debug */,
				9A10FC7E1C9D551C00E08D96 /* Release */,
			);
			defaultConfigurationIsVisible = 0;
		};
		9A10FC7F1C9D551C00E08D96 /* Build configuration list for PBXNativeTarget "cardSlideUITests" */ = {
			isa = XCConfigurationList;
			buildConfigurations = (
				9A10FC801C9D551C00E08D96 /* Debug */,
				9A10FC811C9D551C00E08D96 /* Release */,
			);
			defaultConfigurationIsVisible = 0;
		};
/* End XCConfigurationList section */
	};
	rootObject = 9A10FC491C9D551C00E08D96 /* Project object */;
}
